
Microsoft Visual Studio Solution File, Format Version 12.00
# Visual Studio Version 17
VisualStudioVersion = 17.5.33516.290
MinimumVisualStudioVersion = 10.0.40219.1
Project("{FAE04EC0-301F-11D3-BF4B-00C04F79EFBC}") = "ToDoApplicationBackEnd", "ToDoApplicationBackEnd\ToDoApplicationBackEnd.csproj", "{567BA9C4-D781-4E66-A8EA-4A8E9DD64F20}"
EndProject
Global
	GlobalSection(SolutionConfigurationPlatforms) = preSolution
		Debug|Any CPU = Debug|Any CPU
		Release|Any CPU = Release|Any CPU
	EndGlobalSection
	GlobalSection(ProjectConfigurationPlatforms) = postSolution
		{567BA9C4-D781-4E66-A8EA-4A8E9DD64F20}.Debug|Any CPU.ActiveCfg = Debug|Any CPU
		{567BA9C4-D781-4E66-A8EA-4A8E9DD64F20}.Debug|Any CPU.Build.0 = Debug|Any CPU
		{567BA9C4-D781-4E66-A8EA-4A8E9DD64F20}.Release|Any CPU.ActiveCfg = Release|Any CPU
		{567BA9C4-D781-4E66-A8EA-4A8E9DD64F20}.Release|Any CPU.Build.0 = Release|Any CPU
	EndGlobalSection
	GlobalSection(SolutionProperties) = preSolution
		HideSolutionNode = FALSE
	EndGlobalSection
	GlobalSection(ExtensibilityGlobals) = postSolution
		SolutionGuid = {BB2D4FF5-1653-4BC5-8DE9-7363CC529520}
	EndGlobalSection
EndGlobal
